// !$*UTF8*$!
{
	archiveVersion = 1;
	classes = {
	};
	objectVersion = 46;
	objects = {

/* Begin PBXBuildFile section */
		49578B6E1355177900F8EC0B /* NSObject+SBJSON.m in Sources */ = {isa = PBXBuildFile; fileRef = 49578B651355177900F8EC0B /* NSObject+SBJSON.m */; };
		49578B6F1355177900F8EC0B /* NSString+SBJSON.m in Sources */ = {isa = PBXBuildFile; fileRef = 49578B671355177900F8EC0B /* NSString+SBJSON.m */; };
		49578B701355177900F8EC0B /* SBJsonBase.m in Sources */ = {isa = PBXBuildFile; fileRef = 49578B691355177900F8EC0B /* SBJsonBase.m */; };
		49578B711355177900F8EC0B /* SBJsonParser.m in Sources */ = {isa = PBXBuildFile; fileRef = 49578B6B1355177900F8EC0B /* SBJsonParser.m */; };
		49578B721355177900F8EC0B /* SBJsonWriter.m in Sources */ = {isa = PBXBuildFile; fileRef = 49578B6D1355177900F8EC0B /* SBJsonWriter.m */; };
		49578B7F13551D7200F8EC0B /* SearchViewController.m in Sources */ = {isa = PBXBuildFile; fileRef = 49578B7D13551D7200F8EC0B /* SearchViewController.m */; };
		49578B8013551D7200F8EC0B /* SearchViewController.xib in Resources */ = {isa = PBXBuildFile; fileRef = 49578B7E13551D7200F8EC0B /* SearchViewController.xib */; };
		49578BCD1355E65B00F8EC0B /* RestaurantSearchResultTableViewController.m in Sources */ = {isa = PBXBuildFile; fileRef = 49578BCB1355E65B00F8EC0B /* RestaurantSearchResultTableViewController.m */; };
		49578BDA1355F8CF00F8EC0B /* DishSearchResultTableViewController.m in Sources */ = {isa = PBXBuildFile; fileRef = 49578BD91355F8CF00F8EC0B /* DishSearchResultTableViewController.m */; };
		49578BE51356350900F8EC0B /* RestaurantService.m in Sources */ = {isa = PBXBuildFile; fileRef = 49578BE41356350900F8EC0B /* RestaurantService.m */; };
		49BA68231354DBA40040DDB5 /* UIKit.framework in Frameworks */ = {isa = PBXBuildFile; fileRef = 49BA68221354DBA40040DDB5 /* UIKit.framework */; };
		49BA68251354DBA40040DDB5 /* Foundation.framework in Frameworks */ = {isa = PBXBuildFile; fileRef = 49BA68241354DBA40040DDB5 /* Foundation.framework */; };
		49BA68271354DBA40040DDB5 /* CoreGraphics.framework in Frameworks */ = {isa = PBXBuildFile; fileRef = 49BA68261354DBA40040DDB5 /* CoreGraphics.framework */; };
		49BA682D1354DBA40040DDB5 /* InfoPlist.strings in Resources */ = {isa = PBXBuildFile; fileRef = 49BA682B1354DBA40040DDB5 /* InfoPlist.strings */; };
		49BA68301354DBA40040DDB5 /* main.m in Sources */ = {isa = PBXBuildFile; fileRef = 49BA682F1354DBA40040DDB5 /* main.m */; };
		49BA68331354DBA40040DDB5 /* iRestaurantAppDelegate.m in Sources */ = {isa = PBXBuildFile; fileRef = 49BA68321354DBA40040DDB5 /* iRestaurantAppDelegate.m */; };
		49BA68361354DBA40040DDB5 /* MainWindow.xib in Resources */ = {isa = PBXBuildFile; fileRef = 49BA68341354DBA40040DDB5 /* MainWindow.xib */; };
		49BA68391354DBA40040DDB5 /* iRestaurantViewController.m in Sources */ = {isa = PBXBuildFile; fileRef = 49BA68381354DBA40040DDB5 /* iRestaurantViewController.m */; };
		49BA683C1354DBA40040DDB5 /* iRestaurantViewController.xib in Resources */ = {isa = PBXBuildFile; fileRef = 49BA683A1354DBA40040DDB5 /* iRestaurantViewController.xib */; };
		49BA68431354DBA50040DDB5 /* UIKit.framework in Frameworks */ = {isa = PBXBuildFile; fileRef = 49BA68221354DBA40040DDB5 /* UIKit.framework */; };
		49BA68441354DBA50040DDB5 /* Foundation.framework in Frameworks */ = {isa = PBXBuildFile; fileRef = 49BA68241354DBA40040DDB5 /* Foundation.framework */; };
		49BA68451354DBA50040DDB5 /* CoreGraphics.framework in Frameworks */ = {isa = PBXBuildFile; fileRef = 49BA68261354DBA40040DDB5 /* CoreGraphics.framework */; };
		49BA684D1354DBA50040DDB5 /* InfoPlist.strings in Resources */ = {isa = PBXBuildFile; fileRef = 49BA684B1354DBA50040DDB5 /* InfoPlist.strings */; };
		49BA68501354DBA50040DDB5 /* iRestaurantTests.h in Resources */ = {isa = PBXBuildFile; fileRef = 49BA684F1354DBA50040DDB5 /* iRestaurantTests.h */; };
		49BA68521354DBA50040DDB5 /* iRestaurantTests.m in Sources */ = {isa = PBXBuildFile; fileRef = 49BA68511354DBA50040DDB5 /* iRestaurantTests.m */; };
		E85EE40A13554967004B2A10 /* SystemConfiguration.framework in Frameworks */ = {isa = PBXBuildFile; fileRef = E85EE40913554967004B2A10 /* SystemConfiguration.framework */; };
		E85EE412135617CB004B2A10 /* RestaurantSearchCell.m in Sources */ = {isa = PBXBuildFile; fileRef = E85EE411135617CB004B2A10 /* RestaurantSearchCell.m */; };
		E85EE41E13564224004B2A10 /* CoreLocation.framework in Frameworks */ = {isa = PBXBuildFile; fileRef = E85EE41D13564224004B2A10 /* CoreLocation.framework */; };
		E85EE42A13565D9F004B2A10 /* restaurant-icon.gif in Resources */ = {isa = PBXBuildFile; fileRef = E85EE42913565D9F004B2A10 /* restaurant-icon.gif */; };
		E85EE42D13567388004B2A10 /* 06-magnify.png in Resources */ = {isa = PBXBuildFile; fileRef = E85EE42B13567388004B2A10 /* 06-magnify.png */; };
		E85EE42E13567388004B2A10 /* 06-magnify@2x.png in Resources */ = {isa = PBXBuildFile; fileRef = E85EE42C13567388004B2A10 /* 06-magnify@2x.png */; };
		E85EE431135688DB004B2A10 /* DishesSearchCell.m in Sources */ = {isa = PBXBuildFile; fileRef = E85EE430135688DA004B2A10 /* DishesSearchCell.m */; };
		E85EE43513578D63004B2A10 /* RestaurantHeaderCell.m in Sources */ = {isa = PBXBuildFile; fileRef = E85EE43413578D63004B2A10 /* RestaurantHeaderCell.m */; };
		E85EE43C13579BDB004B2A10 /* grain-bg@2x.png in Resources */ = {isa = PBXBuildFile; fileRef = E85EE43A13579BDB004B2A10 /* grain-bg@2x.png */; };
		E85EE43D13579BDB004B2A10 /* grain-bg.png in Resources */ = {isa = PBXBuildFile; fileRef = E85EE43B13579BDB004B2A10 /* grain-bg.png */; };
		E85EE4401357A0A0004B2A10 /* RestaurantMenuCell.m in Sources */ = {isa = PBXBuildFile; fileRef = E85EE43F1357A0A0004B2A10 /* RestaurantMenuCell.m */; };
		E85EE4431357A204004B2A10 /* blue-btn-70.png in Resources */ = {isa = PBXBuildFile; fileRef = E85EE4411357A203004B2A10 /* blue-btn-70.png */; };
		E85EE4441357A204004B2A10 /* blue-btn-70@2x.png in Resources */ = {isa = PBXBuildFile; fileRef = E85EE4421357A204004B2A10 /* blue-btn-70@2x.png */; };
		E85EE44A1357A811004B2A10 /* grey-button-bg.png in Resources */ = {isa = PBXBuildFile; fileRef = E85EE4491357A810004B2A10 /* grey-button-bg.png */; };
		E85EE44C1357AA0D004B2A10 /* grey-button-bg@2x.png in Resources */ = {isa = PBXBuildFile; fileRef = E85EE44B1357AA0D004B2A10 /* grey-button-bg@2x.png */; };
		E85EE44F1357AAE5004B2A10 /* RestaurantAddressCell.m in Sources */ = {isa = PBXBuildFile; fileRef = E85EE44E1357AAE5004B2A10 /* RestaurantAddressCell.m */; };
		E8A03E14135535500031D798 /* MenuItem.m in Sources */ = {isa = PBXBuildFile; fileRef = E8A03E13135535500031D798 /* MenuItem.m */; };
		E8A03E1D135539130031D798 /* SearchService.m in Sources */ = {isa = PBXBuildFile; fileRef = E8A03E1C135539130031D798 /* SearchService.m */; };
		E8A03E49135543B90031D798 /* MobileCoreServices.framework in Frameworks */ = {isa = PBXBuildFile; fileRef = E8A03E48135543B90031D798 /* MobileCoreServices.framework */; };
		E8A03E4C135543DC0031D798 /* CFNetwork.framework in Frameworks */ = {isa = PBXBuildFile; fileRef = E8A03E4B135543DC0031D798 /* CFNetwork.framework */; };
		E8A03E4E1355443C0031D798 /* libz.1.2.3.dylib in Frameworks */ = {isa = PBXBuildFile; fileRef = E8A03E4D1355443C0031D798 /* libz.1.2.3.dylib */; };
		E8A6E80F1355465A0095E157 /* ASIAuthenticationDialog.m in Sources */ = {isa = PBXBuildFile; fileRef = E8A6E7FA1355465A0095E157 /* ASIAuthenticationDialog.m */; };
		E8A6E8101355465A0095E157 /* ASIDataCompressor.m in Sources */ = {isa = PBXBuildFile; fileRef = E8A6E7FD1355465A0095E157 /* ASIDataCompressor.m */; };
		E8A6E8111355465A0095E157 /* ASIDataDecompressor.m in Sources */ = {isa = PBXBuildFile; fileRef = E8A6E7FF1355465A0095E157 /* ASIDataDecompressor.m */; };
		E8A6E8121355465A0095E157 /* ASIDownloadCache.m in Sources */ = {isa = PBXBuildFile; fileRef = E8A6E8011355465A0095E157 /* ASIDownloadCache.m */; };
		E8A6E8131355465A0095E157 /* ASIFormDataRequest.m in Sources */ = {isa = PBXBuildFile; fileRef = E8A6E8031355465A0095E157 /* ASIFormDataRequest.m */; };
		E8A6E8141355465A0095E157 /* ASIHTTPRequest.m in Sources */ = {isa = PBXBuildFile; fileRef = E8A6E8051355465A0095E157 /* ASIHTTPRequest.m */; };
		E8A6E8151355465A0095E157 /* ASIInputStream.m in Sources */ = {isa = PBXBuildFile; fileRef = E8A6E8091355465A0095E157 /* ASIInputStream.m */; };
		E8A6E8161355465A0095E157 /* ASINetworkQueue.m in Sources */ = {isa = PBXBuildFile; fileRef = E8A6E80B1355465A0095E157 /* ASINetworkQueue.m */; };
		E8A6E8171355465A0095E157 /* ASIWebPageRequest.m in Sources */ = {isa = PBXBuildFile; fileRef = E8A6E80E1355465A0095E157 /* ASIWebPageRequest.m */; };
		E8A6E81A1355466D0095E157 /* Reachability.m in Sources */ = {isa = PBXBuildFile; fileRef = E8A6E8191355466D0095E157 /* Reachability.m */; };
		E8A6E824135547050095E157 /* libxml2.dylib in Frameworks */ = {isa = PBXBuildFile; fileRef = E8A6E823135547050095E157 /* libxml2.dylib */; };
		E8E6D3EE135523FF003F0ECB /* RestaurantViewController.m in Sources */ = {isa = PBXBuildFile; fileRef = E8E6D3EC135523FF003F0ECB /* RestaurantViewController.m */; };
		E8E6D3EF135523FF003F0ECB /* RestaurantViewController.xib in Resources */ = {isa = PBXBuildFile; fileRef = E8E6D3ED135523FF003F0ECB /* RestaurantViewController.xib */; };
		E8E6D3F413552448003F0ECB /* Restaurant.m in Sources */ = {isa = PBXBuildFile; fileRef = E8E6D3F313552448003F0ECB /* Restaurant.m */; };
/* End PBXBuildFile section */

/* Begin PBXContainerItemProxy section */
		49BA68461354DBA50040DDB5 /* PBXContainerItemProxy */ = {
			isa = PBXContainerItemProxy;
			containerPortal = 49BA68151354DBA30040DDB5 /* Project object */;
			proxyType = 1;
			remoteGlobalIDString = 49BA681D1354DBA30040DDB5;
			remoteInfo = iRestaurant;
		};
/* End PBXContainerItemProxy section */

/* Begin PBXFileReference section */
		49578B631355177900F8EC0B /* JSON.h */ = {isa = PBXFileReference; fileEncoding = 4; lastKnownFileType = sourcecode.c.h; path = JSON.h; sourceTree = "<group>"; };
		49578B641355177900F8EC0B /* NSObject+SBJSON.h */ = {isa = PBXFileReference; fileEncoding = 4; lastKnownFileType = sourcecode.c.h; path = "NSObject+SBJSON.h"; sourceTree = "<group>"; };
		49578B651355177900F8EC0B /* NSObject+SBJSON.m */ = {isa = PBXFileReference; fileEncoding = 4; lastKnownFileType = sourcecode.c.objc; path = "NSObject+SBJSON.m"; sourceTree = "<group>"; };
		49578B661355177900F8EC0B /* NSString+SBJSON.h */ = {isa = PBXFileReference; fileEncoding = 4; lastKnownFileType = sourcecode.c.h; path = "NSString+SBJSON.h"; sourceTree = "<group>"; };
		49578B671355177900F8EC0B /* NSString+SBJSON.m */ = {isa = PBXFileReference; fileEncoding = 4; lastKnownFileType = sourcecode.c.objc; path = "NSString+SBJSON.m"; sourceTree = "<group>"; };
		49578B681355177900F8EC0B /* SBJsonBase.h */ = {isa = PBXFileReference; fileEncoding = 4; lastKnownFileType = sourcecode.c.h; path = SBJsonBase.h; sourceTree = "<group>"; };
		49578B691355177900F8EC0B /* SBJsonBase.m */ = {isa = PBXFileReference; fileEncoding = 4; lastKnownFileType = sourcecode.c.objc; path = SBJsonBase.m; sourceTree = "<group>"; };
		49578B6A1355177900F8EC0B /* SBJsonParser.h */ = {isa = PBXFileReference; fileEncoding = 4; lastKnownFileType = sourcecode.c.h; path = SBJsonParser.h; sourceTree = "<group>"; };
		49578B6B1355177900F8EC0B /* SBJsonParser.m */ = {isa = PBXFileReference; fileEncoding = 4; lastKnownFileType = sourcecode.c.objc; path = SBJsonParser.m; sourceTree = "<group>"; };
		49578B6C1355177900F8EC0B /* SBJsonWriter.h */ = {isa = PBXFileReference; fileEncoding = 4; lastKnownFileType = sourcecode.c.h; path = SBJsonWriter.h; sourceTree = "<group>"; };
		49578B6D1355177900F8EC0B /* SBJsonWriter.m */ = {isa = PBXFileReference; fileEncoding = 4; lastKnownFileType = sourcecode.c.objc; path = SBJsonWriter.m; sourceTree = "<group>"; };
		49578B7C13551D7200F8EC0B /* SearchViewController.h */ = {isa = PBXFileReference; fileEncoding = 4; lastKnownFileType = sourcecode.c.h; path = SearchViewController.h; sourceTree = "<group>"; };
		49578B7D13551D7200F8EC0B /* SearchViewController.m */ = {isa = PBXFileReference; fileEncoding = 4; lastKnownFileType = sourcecode.c.objc; path = SearchViewController.m; sourceTree = "<group>"; };
		49578B7E13551D7200F8EC0B /* SearchViewController.xib */ = {isa = PBXFileReference; fileEncoding = 4; lastKnownFileType = file.xib; path = SearchViewController.xib; sourceTree = "<group>"; };
		49578BCA1355E65B00F8EC0B /* RestaurantSearchResultTableViewController.h */ = {isa = PBXFileReference; fileEncoding = 4; lastKnownFileType = sourcecode.c.h; path = RestaurantSearchResultTableViewController.h; sourceTree = "<group>"; };
		49578BCB1355E65B00F8EC0B /* RestaurantSearchResultTableViewController.m */ = {isa = PBXFileReference; fileEncoding = 4; lastKnownFileType = sourcecode.c.objc; path = RestaurantSearchResultTableViewController.m; sourceTree = "<group>"; };
		49578BD81355F8CE00F8EC0B /* DishSearchResultTableViewController.h */ = {isa = PBXFileReference; fileEncoding = 4; lastKnownFileType = sourcecode.c.h; path = DishSearchResultTableViewController.h; sourceTree = "<group>"; };
		49578BD91355F8CF00F8EC0B /* DishSearchResultTableViewController.m */ = {isa = PBXFileReference; fileEncoding = 4; lastKnownFileType = sourcecode.c.objc; path = DishSearchResultTableViewController.m; sourceTree = "<group>"; };
		49578BE31356350900F8EC0B /* RestaurantService.h */ = {isa = PBXFileReference; fileEncoding = 4; lastKnownFileType = sourcecode.c.h; path = RestaurantService.h; sourceTree = "<group>"; };
		49578BE41356350900F8EC0B /* RestaurantService.m */ = {isa = PBXFileReference; fileEncoding = 4; lastKnownFileType = sourcecode.c.objc; path = RestaurantService.m; sourceTree = "<group>"; };
		49BA681E1354DBA30040DDB5 /* iRestaurant.app */ = {isa = PBXFileReference; explicitFileType = wrapper.application; includeInIndex = 0; path = iRestaurant.app; sourceTree = BUILT_PRODUCTS_DIR; };
		49BA68221354DBA40040DDB5 /* UIKit.framework */ = {isa = PBXFileReference; lastKnownFileType = wrapper.framework; name = UIKit.framework; path = System/Library/Frameworks/UIKit.framework; sourceTree = SDKROOT; };
		49BA68241354DBA40040DDB5 /* Foundation.framework */ = {isa = PBXFileReference; lastKnownFileType = wrapper.framework; name = Foundation.framework; path = System/Library/Frameworks/Foundation.framework; sourceTree = SDKROOT; };
		49BA68261354DBA40040DDB5 /* CoreGraphics.framework */ = {isa = PBXFileReference; lastKnownFileType = wrapper.framework; name = CoreGraphics.framework; path = System/Library/Frameworks/CoreGraphics.framework; sourceTree = SDKROOT; };
		49BA682A1354DBA40040DDB5 /* iRestaurant-Info.plist */ = {isa = PBXFileReference; lastKnownFileType = text.plist.xml; path = "iRestaurant-Info.plist"; sourceTree = "<group>"; };
		49BA682C1354DBA40040DDB5 /* en */ = {isa = PBXFileReference; lastKnownFileType = text.plist.strings; name = en; path = en.lproj/InfoPlist.strings; sourceTree = "<group>"; };
		49BA682E1354DBA40040DDB5 /* iRestaurant-Prefix.pch */ = {isa = PBXFileReference; lastKnownFileType = sourcecode.c.h; path = "iRestaurant-Prefix.pch"; sourceTree = "<group>"; };
		49BA682F1354DBA40040DDB5 /* main.m */ = {isa = PBXFileReference; lastKnownFileType = sourcecode.c.objc; path = main.m; sourceTree = "<group>"; };
		49BA68311354DBA40040DDB5 /* iRestaurantAppDelegate.h */ = {isa = PBXFileReference; lastKnownFileType = sourcecode.c.h; path = iRestaurantAppDelegate.h; sourceTree = "<group>"; };
		49BA68321354DBA40040DDB5 /* iRestaurantAppDelegate.m */ = {isa = PBXFileReference; lastKnownFileType = sourcecode.c.objc; path = iRestaurantAppDelegate.m; sourceTree = "<group>"; };
		49BA68351354DBA40040DDB5 /* en */ = {isa = PBXFileReference; lastKnownFileType = file.xib; name = en; path = en.lproj/MainWindow.xib; sourceTree = "<group>"; };
		49BA68371354DBA40040DDB5 /* iRestaurantViewController.h */ = {isa = PBXFileReference; lastKnownFileType = sourcecode.c.h; path = iRestaurantViewController.h; sourceTree = "<group>"; };
		49BA68381354DBA40040DDB5 /* iRestaurantViewController.m */ = {isa = PBXFileReference; lastKnownFileType = sourcecode.c.objc; path = iRestaurantViewController.m; sourceTree = "<group>"; };
		49BA683B1354DBA40040DDB5 /* en */ = {isa = PBXFileReference; lastKnownFileType = file.xib; name = en; path = en.lproj/iRestaurantViewController.xib; sourceTree = "<group>"; };
		49BA68421354DBA50040DDB5 /* iRestaurantTests.octest */ = {isa = PBXFileReference; explicitFileType = wrapper.cfbundle; includeInIndex = 0; path = iRestaurantTests.octest; sourceTree = BUILT_PRODUCTS_DIR; };
		49BA684A1354DBA50040DDB5 /* iRestaurantTests-Info.plist */ = {isa = PBXFileReference; lastKnownFileType = text.plist.xml; path = "iRestaurantTests-Info.plist"; sourceTree = "<group>"; };
		49BA684C1354DBA50040DDB5 /* en */ = {isa = PBXFileReference; lastKnownFileType = text.plist.strings; name = en; path = en.lproj/InfoPlist.strings; sourceTree = "<group>"; };
		49BA684E1354DBA50040DDB5 /* iRestaurantTests-Prefix.pch */ = {isa = PBXFileReference; lastKnownFileType = sourcecode.c.h; path = "iRestaurantTests-Prefix.pch"; sourceTree = "<group>"; };
		49BA684F1354DBA50040DDB5 /* iRestaurantTests.h */ = {isa = PBXFileReference; lastKnownFileType = sourcecode.c.h; path = iRestaurantTests.h; sourceTree = "<group>"; };
		49BA68511354DBA50040DDB5 /* iRestaurantTests.m */ = {isa = PBXFileReference; lastKnownFileType = sourcecode.c.objc; path = iRestaurantTests.m; sourceTree = "<group>"; };
		E85EE40913554967004B2A10 /* SystemConfiguration.framework */ = {isa = PBXFileReference; lastKnownFileType = wrapper.framework; name = SystemConfiguration.framework; path = System/Library/Frameworks/SystemConfiguration.framework; sourceTree = SDKROOT; };
		E85EE410135617CB004B2A10 /* RestaurantSearchCell.h */ = {isa = PBXFileReference; fileEncoding = 4; lastKnownFileType = sourcecode.c.h; path = RestaurantSearchCell.h; sourceTree = "<group>"; };
		E85EE411135617CB004B2A10 /* RestaurantSearchCell.m */ = {isa = PBXFileReference; fileEncoding = 4; lastKnownFileType = sourcecode.c.objc; path = RestaurantSearchCell.m; sourceTree = "<group>"; };
		E85EE41D13564224004B2A10 /* CoreLocation.framework */ = {isa = PBXFileReference; lastKnownFileType = wrapper.framework; name = CoreLocation.framework; path = System/Library/Frameworks/CoreLocation.framework; sourceTree = SDKROOT; };
		E85EE42913565D9F004B2A10 /* restaurant-icon.gif */ = {isa = PBXFileReference; lastKnownFileType = image.gif; path = "restaurant-icon.gif"; sourceTree = "<group>"; };
		E85EE42B13567388004B2A10 /* 06-magnify.png */ = {isa = PBXFileReference; lastKnownFileType = image.png; path = "06-magnify.png"; sourceTree = "<group>"; };
		E85EE42C13567388004B2A10 /* 06-magnify@2x.png */ = {isa = PBXFileReference; lastKnownFileType = image.png; path = "06-magnify@2x.png"; sourceTree = "<group>"; };
		E85EE42F135688D9004B2A10 /* DishesSearchCell.h */ = {isa = PBXFileReference; fileEncoding = 4; lastKnownFileType = sourcecode.c.h; path = DishesSearchCell.h; sourceTree = "<group>"; };
		E85EE430135688DA004B2A10 /* DishesSearchCell.m */ = {isa = PBXFileReference; fileEncoding = 4; lastKnownFileType = sourcecode.c.objc; path = DishesSearchCell.m; sourceTree = "<group>"; };
		E85EE43313578D63004B2A10 /* RestaurantHeaderCell.h */ = {isa = PBXFileReference; fileEncoding = 4; lastKnownFileType = sourcecode.c.h; path = RestaurantHeaderCell.h; sourceTree = "<group>"; };
		E85EE43413578D63004B2A10 /* RestaurantHeaderCell.m */ = {isa = PBXFileReference; fileEncoding = 4; lastKnownFileType = sourcecode.c.objc; path = RestaurantHeaderCell.m; sourceTree = "<group>"; };
		E85EE43A13579BDB004B2A10 /* grain-bg@2x.png */ = {isa = PBXFileReference; lastKnownFileType = image.png; path = "grain-bg@2x.png"; sourceTree = "<group>"; };
		E85EE43B13579BDB004B2A10 /* grain-bg.png */ = {isa = PBXFileReference; lastKnownFileType = image.png; path = "grain-bg.png"; sourceTree = "<group>"; };
		E85EE43E1357A0A0004B2A10 /* RestaurantMenuCell.h */ = {isa = PBXFileReference; fileEncoding = 4; lastKnownFileType = sourcecode.c.h; path = RestaurantMenuCell.h; sourceTree = "<group>"; };
		E85EE43F1357A0A0004B2A10 /* RestaurantMenuCell.m */ = {isa = PBXFileReference; fileEncoding = 4; lastKnownFileType = sourcecode.c.objc; path = RestaurantMenuCell.m; sourceTree = "<group>"; };
		E85EE4411357A203004B2A10 /* blue-btn-70.png */ = {isa = PBXFileReference; lastKnownFileType = image.png; path = "blue-btn-70.png"; sourceTree = "<group>"; };
		E85EE4421357A204004B2A10 /* blue-btn-70@2x.png */ = {isa = PBXFileReference; lastKnownFileType = image.png; path = "blue-btn-70@2x.png"; sourceTree = "<group>"; };
		E85EE4491357A810004B2A10 /* grey-button-bg.png */ = {isa = PBXFileReference; lastKnownFileType = image.png; path = "grey-button-bg.png"; sourceTree = "<group>"; };
		E85EE44B1357AA0D004B2A10 /* grey-button-bg@2x.png */ = {isa = PBXFileReference; lastKnownFileType = image.png; path = "grey-button-bg@2x.png"; sourceTree = "<group>"; };
		E85EE44D1357AAE4004B2A10 /* RestaurantAddressCell.h */ = {isa = PBXFileReference; fileEncoding = 4; lastKnownFileType = sourcecode.c.h; path = RestaurantAddressCell.h; sourceTree = "<group>"; };
		E85EE44E1357AAE5004B2A10 /* RestaurantAddressCell.m */ = {isa = PBXFileReference; fileEncoding = 4; lastKnownFileType = sourcecode.c.objc; path = RestaurantAddressCell.m; sourceTree = "<group>"; };
		E8A03E12135535500031D798 /* MenuItem.h */ = {isa = PBXFileReference; fileEncoding = 4; lastKnownFileType = sourcecode.c.h; path = MenuItem.h; sourceTree = "<group>"; };
		E8A03E13135535500031D798 /* MenuItem.m */ = {isa = PBXFileReference; fileEncoding = 4; lastKnownFileType = sourcecode.c.objc; path = MenuItem.m; sourceTree = "<group>"; };
		E8A03E1B135539130031D798 /* SearchService.h */ = {isa = PBXFileReference; fileEncoding = 4; lastKnownFileType = sourcecode.c.h; path = SearchService.h; sourceTree = "<group>"; };
		E8A03E1C135539130031D798 /* SearchService.m */ = {isa = PBXFileReference; fileEncoding = 4; lastKnownFileType = sourcecode.c.objc; path = SearchService.m; sourceTree = "<group>"; };
		E8A03E48135543B90031D798 /* MobileCoreServices.framework */ = {isa = PBXFileReference; lastKnownFileType = wrapper.framework; name = MobileCoreServices.framework; path = System/Library/Frameworks/MobileCoreServices.framework; sourceTree = SDKROOT; };
		E8A03E4B135543DC0031D798 /* CFNetwork.framework */ = {isa = PBXFileReference; lastKnownFileType = wrapper.framework; name = CFNetwork.framework; path = System/Library/Frameworks/CFNetwork.framework; sourceTree = SDKROOT; };
		E8A03E4D1355443C0031D798 /* libz.1.2.3.dylib */ = {isa = PBXFileReference; lastKnownFileType = "compiled.mach-o.dylib"; name = libz.1.2.3.dylib; path = usr/lib/libz.1.2.3.dylib; sourceTree = SDKROOT; };
		E8A6E7F91355465A0095E157 /* ASIAuthenticationDialog.h */ = {isa = PBXFileReference; fileEncoding = 4; lastKnownFileType = sourcecode.c.h; path = ASIAuthenticationDialog.h; sourceTree = "<group>"; };
		E8A6E7FA1355465A0095E157 /* ASIAuthenticationDialog.m */ = {isa = PBXFileReference; fileEncoding = 4; lastKnownFileType = sourcecode.c.objc; path = ASIAuthenticationDialog.m; sourceTree = "<group>"; };
		E8A6E7FB1355465A0095E157 /* ASICacheDelegate.h */ = {isa = PBXFileReference; fileEncoding = 4; lastKnownFileType = sourcecode.c.h; path = ASICacheDelegate.h; sourceTree = "<group>"; };
		E8A6E7FC1355465A0095E157 /* ASIDataCompressor.h */ = {isa = PBXFileReference; fileEncoding = 4; lastKnownFileType = sourcecode.c.h; path = ASIDataCompressor.h; sourceTree = "<group>"; };
		E8A6E7FD1355465A0095E157 /* ASIDataCompressor.m */ = {isa = PBXFileReference; fileEncoding = 4; lastKnownFileType = sourcecode.c.objc; path = ASIDataCompressor.m; sourceTree = "<group>"; };
		E8A6E7FE1355465A0095E157 /* ASIDataDecompressor.h */ = {isa = PBXFileReference; fileEncoding = 4; lastKnownFileType = sourcecode.c.h; path = ASIDataDecompressor.h; sourceTree = "<group>"; };
		E8A6E7FF1355465A0095E157 /* ASIDataDecompressor.m */ = {isa = PBXFileReference; fileEncoding = 4; lastKnownFileType = sourcecode.c.objc; path = ASIDataDecompressor.m; sourceTree = "<group>"; };
		E8A6E8001355465A0095E157 /* ASIDownloadCache.h */ = {isa = PBXFileReference; fileEncoding = 4; lastKnownFileType = sourcecode.c.h; path = ASIDownloadCache.h; sourceTree = "<group>"; };
		E8A6E8011355465A0095E157 /* ASIDownloadCache.m */ = {isa = PBXFileReference; fileEncoding = 4; lastKnownFileType = sourcecode.c.objc; path = ASIDownloadCache.m; sourceTree = "<group>"; };
		E8A6E8021355465A0095E157 /* ASIFormDataRequest.h */ = {isa = PBXFileReference; fileEncoding = 4; lastKnownFileType = sourcecode.c.h; path = ASIFormDataRequest.h; sourceTree = "<group>"; };
		E8A6E8031355465A0095E157 /* ASIFormDataRequest.m */ = {isa = PBXFileReference; fileEncoding = 4; lastKnownFileType = sourcecode.c.objc; path = ASIFormDataRequest.m; sourceTree = "<group>"; };
		E8A6E8041355465A0095E157 /* ASIHTTPRequest.h */ = {isa = PBXFileReference; fileEncoding = 4; lastKnownFileType = sourcecode.c.h; path = ASIHTTPRequest.h; sourceTree = "<group>"; };
		E8A6E8051355465A0095E157 /* ASIHTTPRequest.m */ = {isa = PBXFileReference; fileEncoding = 4; lastKnownFileType = sourcecode.c.objc; path = ASIHTTPRequest.m; sourceTree = "<group>"; };
		E8A6E8061355465A0095E157 /* ASIHTTPRequestConfig.h */ = {isa = PBXFileReference; fileEncoding = 4; lastKnownFileType = sourcecode.c.h; path = ASIHTTPRequestConfig.h; sourceTree = "<group>"; };
		E8A6E8071355465A0095E157 /* ASIHTTPRequestDelegate.h */ = {isa = PBXFileReference; fileEncoding = 4; lastKnownFileType = sourcecode.c.h; path = ASIHTTPRequestDelegate.h; sourceTree = "<group>"; };
		E8A6E8081355465A0095E157 /* ASIInputStream.h */ = {isa = PBXFileReference; fileEncoding = 4; lastKnownFileType = sourcecode.c.h; path = ASIInputStream.h; sourceTree = "<group>"; };
		E8A6E8091355465A0095E157 /* ASIInputStream.m */ = {isa = PBXFileReference; fileEncoding = 4; lastKnownFileType = sourcecode.c.objc; path = ASIInputStream.m; sourceTree = "<group>"; };
		E8A6E80A1355465A0095E157 /* ASINetworkQueue.h */ = {isa = PBXFileReference; fileEncoding = 4; lastKnownFileType = sourcecode.c.h; path = ASINetworkQueue.h; sourceTree = "<group>"; };
		E8A6E80B1355465A0095E157 /* ASINetworkQueue.m */ = {isa = PBXFileReference; fileEncoding = 4; lastKnownFileType = sourcecode.c.objc; path = ASINetworkQueue.m; sourceTree = "<group>"; };
		E8A6E80C1355465A0095E157 /* ASIProgressDelegate.h */ = {isa = PBXFileReference; fileEncoding = 4; lastKnownFileType = sourcecode.c.h; path = ASIProgressDelegate.h; sourceTree = "<group>"; };
		E8A6E80D1355465A0095E157 /* ASIWebPageRequest.h */ = {isa = PBXFileReference; fileEncoding = 4; lastKnownFileType = sourcecode.c.h; path = ASIWebPageRequest.h; sourceTree = "<group>"; };
		E8A6E80E1355465A0095E157 /* ASIWebPageRequest.m */ = {isa = PBXFileReference; fileEncoding = 4; lastKnownFileType = sourcecode.c.objc; path = ASIWebPageRequest.m; sourceTree = "<group>"; };
		E8A6E8181355466D0095E157 /* Reachability.h */ = {isa = PBXFileReference; fileEncoding = 4; lastKnownFileType = sourcecode.c.h; path = Reachability.h; sourceTree = "<group>"; };
		E8A6E8191355466D0095E157 /* Reachability.m */ = {isa = PBXFileReference; fileEncoding = 4; lastKnownFileType = sourcecode.c.objc; path = Reachability.m; sourceTree = "<group>"; };
		E8A6E823135547050095E157 /* libxml2.dylib */ = {isa = PBXFileReference; lastKnownFileType = "compiled.mach-o.dylib"; name = libxml2.dylib; path = usr/lib/libxml2.dylib; sourceTree = SDKROOT; };
		E8E6D3EB135523FF003F0ECB /* RestaurantViewController.h */ = {isa = PBXFileReference; fileEncoding = 4; lastKnownFileType = sourcecode.c.h; path = RestaurantViewController.h; sourceTree = "<group>"; };
		E8E6D3EC135523FF003F0ECB /* RestaurantViewController.m */ = {isa = PBXFileReference; fileEncoding = 4; lastKnownFileType = sourcecode.c.objc; path = RestaurantViewController.m; sourceTree = "<group>"; };
		E8E6D3ED135523FF003F0ECB /* RestaurantViewController.xib */ = {isa = PBXFileReference; fileEncoding = 4; lastKnownFileType = file.xib; path = RestaurantViewController.xib; sourceTree = "<group>"; };
		E8E6D3F213552448003F0ECB /* Restaurant.h */ = {isa = PBXFileReference; fileEncoding = 4; lastKnownFileType = sourcecode.c.h; path = Restaurant.h; sourceTree = "<group>"; };
		E8E6D3F313552448003F0ECB /* Restaurant.m */ = {isa = PBXFileReference; fileEncoding = 4; lastKnownFileType = sourcecode.c.objc; path = Restaurant.m; sourceTree = "<group>"; };
/* End PBXFileReference section */

/* Begin PBXFrameworksBuildPhase section */
		49BA681B1354DBA30040DDB5 /* Frameworks */ = {
			isa = PBXFrameworksBuildPhase;
			buildActionMask = 2147483647;
			files = (
				E85EE41E13564224004B2A10 /* CoreLocation.framework in Frameworks */,
				E85EE40A13554967004B2A10 /* SystemConfiguration.framework in Frameworks */,
				E8A6E824135547050095E157 /* libxml2.dylib in Frameworks */,
				E8A03E4E1355443C0031D798 /* libz.1.2.3.dylib in Frameworks */,
				E8A03E4C135543DC0031D798 /* CFNetwork.framework in Frameworks */,
				E8A03E49135543B90031D798 /* MobileCoreServices.framework in Frameworks */,
				49BA68231354DBA40040DDB5 /* UIKit.framework in Frameworks */,
				49BA68251354DBA40040DDB5 /* Foundation.framework in Frameworks */,
				49BA68271354DBA40040DDB5 /* CoreGraphics.framework in Frameworks */,
			);
			runOnlyForDeploymentPostprocessing = 0;
		};
		49BA683E1354DBA40040DDB5 /* Frameworks */ = {
			isa = PBXFrameworksBuildPhase;
			buildActionMask = 2147483647;
			files = (
				49BA68431354DBA50040DDB5 /* UIKit.framework in Frameworks */,
				49BA68441354DBA50040DDB5 /* Foundation.framework in Frameworks */,
				49BA68451354DBA50040DDB5 /* CoreGraphics.framework in Frameworks */,
			);
			runOnlyForDeploymentPostprocessing = 0;
		};
/* End PBXFrameworksBuildPhase section */

/* Begin PBXGroup section */
		49578B5F135516AB00F8EC0B /* ThirdParty */ = {
			isa = PBXGroup;
			children = (
				E8A03E1E13553D190031D798 /* ASIHttpRequest */,
				49578B61135516C600F8EC0B /* JSON */,
			);
			name = ThirdParty;
			sourceTree = "<group>";
		};
		49578B61135516C600F8EC0B /* JSON */ = {
			isa = PBXGroup;
			children = (
				49578B621355172400F8EC0B /* 2.3.2 */,
			);
			name = JSON;
			sourceTree = "<group>";
		};
		49578B621355172400F8EC0B /* 2.3.2 */ = {
			isa = PBXGroup;
			children = (
				49578B631355177900F8EC0B /* JSON.h */,
				49578B641355177900F8EC0B /* NSObject+SBJSON.h */,
				49578B651355177900F8EC0B /* NSObject+SBJSON.m */,
				49578B661355177900F8EC0B /* NSString+SBJSON.h */,
				49578B671355177900F8EC0B /* NSString+SBJSON.m */,
				49578B681355177900F8EC0B /* SBJsonBase.h */,
				49578B691355177900F8EC0B /* SBJsonBase.m */,
				49578B6A1355177900F8EC0B /* SBJsonParser.h */,
				49578B6B1355177900F8EC0B /* SBJsonParser.m */,
				49578B6C1355177900F8EC0B /* SBJsonWriter.h */,
				49578B6D1355177900F8EC0B /* SBJsonWriter.m */,
			);
			name = 2.3.2;
			sourceTree = "<group>";
		};
		49578B731355183500F8EC0B /* Views */ = {
			isa = PBXGroup;
			children = (
				E8E6D3F01355240A003F0ECB /* Restaurant */,
				49578B75135519DB00F8EC0B /* Search */,
			);
			name = Views;
			sourceTree = "<group>";
		};
		49578B741355184500F8EC0B /* Controllers */ = {
			isa = PBXGroup;
			children = (
				E8E6D3E913552231003F0ECB /* Restaurant */,
				49578B7B13551D4C00F8EC0B /* Search */,
			);
			name = Controllers;
			sourceTree = "<group>";
		};
		49578B75135519DB00F8EC0B /* Search */ = {
			isa = PBXGroup;
			children = (
				49578B7E13551D7200F8EC0B /* SearchViewController.xib */,
			);
			name = Search;
			sourceTree = "<group>";
		};
		49578B7B13551D4C00F8EC0B /* Search */ = {
			isa = PBXGroup;
			children = (
				49578B7C13551D7200F8EC0B /* SearchViewController.h */,
				49578B7D13551D7200F8EC0B /* SearchViewController.m */,
				49578BCA1355E65B00F8EC0B /* RestaurantSearchResultTableViewController.h */,
				49578BCB1355E65B00F8EC0B /* RestaurantSearchResultTableViewController.m */,
				49578BD81355F8CE00F8EC0B /* DishSearchResultTableViewController.h */,
				49578BD91355F8CF00F8EC0B /* DishSearchResultTableViewController.m */,
				E85EE410135617CB004B2A10 /* RestaurantSearchCell.h */,
				E85EE411135617CB004B2A10 /* RestaurantSearchCell.m */,
				E85EE42F135688D9004B2A10 /* DishesSearchCell.h */,
				E85EE430135688DA004B2A10 /* DishesSearchCell.m */,
			);
			name = Search;
			sourceTree = "<group>";
		};
		49BA68131354DBA20040DDB5 = {
			isa = PBXGroup;
			children = (
				49BA68281354DBA40040DDB5 /* iRestaurant */,
				49BA68481354DBA50040DDB5 /* iRestaurantTests */,
				49BA68211354DBA30040DDB5 /* Frameworks */,
				49BA681F1354DBA30040DDB5 /* Products */,
			);
			sourceTree = "<group>";
		};
		49BA681F1354DBA30040DDB5 /* Products */ = {
			isa = PBXGroup;
			children = (
				49BA681E1354DBA30040DDB5 /* iRestaurant.app */,
				49BA68421354DBA50040DDB5 /* iRestaurantTests.octest */,
			);
			name = Products;
			sourceTree = "<group>";
		};
		49BA68211354DBA30040DDB5 /* Frameworks */ = {
			isa = PBXGroup;
			children = (
				E8A6E823135547050095E157 /* libxml2.dylib */,
				E8A03E4D1355443C0031D798 /* libz.1.2.3.dylib */,
				E85EE41D13564224004B2A10 /* CoreLocation.framework */,
				E85EE40913554967004B2A10 /* SystemConfiguration.framework */,
				49BA68221354DBA40040DDB5 /* UIKit.framework */,
				49BA68241354DBA40040DDB5 /* Foundation.framework */,
				49BA68261354DBA40040DDB5 /* CoreGraphics.framework */,
				E8A03E4B135543DC0031D798 /* CFNetwork.framework */,
				E8A03E48135543B90031D798 /* MobileCoreServices.framework */,
			);
			name = Frameworks;
			sourceTree = "<group>";
		};
		49BA68281354DBA40040DDB5 /* iRestaurant */ = {
			isa = PBXGroup;
			children = (
				E8A03E1A135538EB0031D798 /* Services */,
				E8E6D3F113552435003F0ECB /* Models */,
				49578B741355184500F8EC0B /* Controllers */,
				49578B731355183500F8EC0B /* Views */,
				49578B5F135516AB00F8EC0B /* ThirdParty */,
				49BA68311354DBA40040DDB5 /* iRestaurantAppDelegate.h */,
				49BA68321354DBA40040DDB5 /* iRestaurantAppDelegate.m */,
				49BA68341354DBA40040DDB5 /* MainWindow.xib */,
				49BA68371354DBA40040DDB5 /* iRestaurantViewController.h */,
				49BA68381354DBA40040DDB5 /* iRestaurantViewController.m */,
				49BA683A1354DBA40040DDB5 /* iRestaurantViewController.xib */,
				49BA68291354DBA40040DDB5 /* Supporting Files */,
			);
			path = iRestaurant;
			sourceTree = "<group>";
		};
		49BA68291354DBA40040DDB5 /* Supporting Files */ = {
			isa = PBXGroup;
			children = (
				E85EE42813565D8F004B2A10 /* Images */,
				49BA682A1354DBA40040DDB5 /* iRestaurant-Info.plist */,
				49BA682B1354DBA40040DDB5 /* InfoPlist.strings */,
				49BA682E1354DBA40040DDB5 /* iRestaurant-Prefix.pch */,
				49BA682F1354DBA40040DDB5 /* main.m */,
			);
			name = "Supporting Files";
			sourceTree = "<group>";
		};
		49BA68481354DBA50040DDB5 /* iRestaurantTests */ = {
			isa = PBXGroup;
			children = (
				49BA684F1354DBA50040DDB5 /* iRestaurantTests.h */,
				49BA68511354DBA50040DDB5 /* iRestaurantTests.m */,
				49BA68491354DBA50040DDB5 /* Supporting Files */,
			);
			path = iRestaurantTests;
			sourceTree = "<group>";
		};
		49BA68491354DBA50040DDB5 /* Supporting Files */ = {
			isa = PBXGroup;
			children = (
				49BA684A1354DBA50040DDB5 /* iRestaurantTests-Info.plist */,
				49BA684B1354DBA50040DDB5 /* InfoPlist.strings */,
				49BA684E1354DBA50040DDB5 /* iRestaurantTests-Prefix.pch */,
			);
			name = "Supporting Files";
			sourceTree = "<group>";
		};
		E85EE42813565D8F004B2A10 /* Images */ = {
			isa = PBXGroup;
			children = (
				E85EE44B1357AA0D004B2A10 /* grey-button-bg@2x.png */,
				E85EE4491357A810004B2A10 /* grey-button-bg.png */,
				E85EE4411357A203004B2A10 /* blue-btn-70.png */,
				E85EE4421357A204004B2A10 /* blue-btn-70@2x.png */,
				E85EE43A13579BDB004B2A10 /* grain-bg@2x.png */,
				E85EE43B13579BDB004B2A10 /* grain-bg.png */,
				E85EE42B13567388004B2A10 /* 06-magnify.png */,
				E85EE42C13567388004B2A10 /* 06-magnify@2x.png */,
				E85EE42913565D9F004B2A10 /* restaurant-icon.gif */,
			);
			name = Images;
			sourceTree = "<group>";
		};
		E85EE4321357850C004B2A10 /* Cells */ = {
			isa = PBXGroup;
			children = (
				E85EE43313578D63004B2A10 /* RestaurantHeaderCell.h */,
				E85EE43413578D63004B2A10 /* RestaurantHeaderCell.m */,
				E85EE43E1357A0A0004B2A10 /* RestaurantMenuCell.h */,
				E85EE43F1357A0A0004B2A10 /* RestaurantMenuCell.m */,
				E85EE44D1357AAE4004B2A10 /* RestaurantAddressCell.h */,
				E85EE44E1357AAE5004B2A10 /* RestaurantAddressCell.m */,
			);
			name = Cells;
			sourceTree = "<group>";
		};
		E8A03E1A135538EB0031D798 /* Services */ = {
			isa = PBXGroup;
			children = (
				E8A03E1B135539130031D798 /* SearchService.h */,
				E8A03E1C135539130031D798 /* SearchService.m */,
				49578BE31356350900F8EC0B /* RestaurantService.h */,
				49578BE41356350900F8EC0B /* RestaurantService.m */,
			);
			name = Services;
			sourceTree = "<group>";
		};
		E8A03E1E13553D190031D798 /* ASIHttpRequest */ = {
			isa = PBXGroup;
			children = (
				E8A6E8181355466D0095E157 /* Reachability.h */,
				E8A6E8191355466D0095E157 /* Reachability.m */,
				E8A6E7F91355465A0095E157 /* ASIAuthenticationDialog.h */,
				E8A6E7FA1355465A0095E157 /* ASIAuthenticationDialog.m */,
				E8A6E7FB1355465A0095E157 /* ASICacheDelegate.h */,
				E8A6E7FC1355465A0095E157 /* ASIDataCompressor.h */,
				E8A6E7FD1355465A0095E157 /* ASIDataCompressor.m */,
				E8A6E7FE1355465A0095E157 /* ASIDataDecompressor.h */,
				E8A6E7FF1355465A0095E157 /* ASIDataDecompressor.m */,
				E8A6E8001355465A0095E157 /* ASIDownloadCache.h */,
				E8A6E8011355465A0095E157 /* ASIDownloadCache.m */,
				E8A6E8021355465A0095E157 /* ASIFormDataRequest.h */,
				E8A6E8031355465A0095E157 /* ASIFormDataRequest.m */,
				E8A6E8041355465A0095E157 /* ASIHTTPRequest.h */,
				E8A6E8051355465A0095E157 /* ASIHTTPRequest.m */,
				E8A6E8061355465A0095E157 /* ASIHTTPRequestConfig.h */,
				E8A6E8071355465A0095E157 /* ASIHTTPRequestDelegate.h */,
				E8A6E8081355465A0095E157 /* ASIInputStream.h */,
				E8A6E8091355465A0095E157 /* ASIInputStream.m */,
				E8A6E80A1355465A0095E157 /* ASINetworkQueue.h */,
				E8A6E80B1355465A0095E157 /* ASINetworkQueue.m */,
				E8A6E80C1355465A0095E157 /* ASIProgressDelegate.h */,
				E8A6E80D1355465A0095E157 /* ASIWebPageRequest.h */,
				E8A6E80E1355465A0095E157 /* ASIWebPageRequest.m */,
			);
			name = ASIHttpRequest;
			sourceTree = "<group>";
		};
		E8E6D3E913552231003F0ECB /* Restaurant */ = {
			isa = PBXGroup;
			children = (
				E85EE4321357850C004B2A10 /* Cells */,
				E8E6D3EB135523FF003F0ECB /* RestaurantViewController.h */,
				E8E6D3EC135523FF003F0ECB /* RestaurantViewController.m */,
			);
			name = Restaurant;
			sourceTree = "<group>";
		};
		E8E6D3F01355240A003F0ECB /* Restaurant */ = {
			isa = PBXGroup;
			children = (
				E8E6D3ED135523FF003F0ECB /* RestaurantViewController.xib */,
			);
			name = Restaurant;
			sourceTree = "<group>";
		};
		E8E6D3F113552435003F0ECB /* Models */ = {
			isa = PBXGroup;
			children = (
				E8E6D3F213552448003F0ECB /* Restaurant.h */,
				E8E6D3F313552448003F0ECB /* Restaurant.m */,
				E8A03E12135535500031D798 /* MenuItem.h */,
				E8A03E13135535500031D798 /* MenuItem.m */,
			);
			name = Models;
			sourceTree = "<group>";
		};
/* End PBXGroup section */

/* Begin PBXNativeTarget section */
		49BA681D1354DBA30040DDB5 /* iRestaurant */ = {
			isa = PBXNativeTarget;
			buildConfigurationList = 49BA68551354DBA50040DDB5 /* Build configuration list for PBXNativeTarget "iRestaurant" */;
			buildPhases = (
				49BA681A1354DBA30040DDB5 /* Sources */,
				49BA681B1354DBA30040DDB5 /* Frameworks */,
				49BA681C1354DBA30040DDB5 /* Resources */,
			);
			buildRules = (
			);
			dependencies = (
			);
			name = iRestaurant;
			productName = iRestaurant;
			productReference = 49BA681E1354DBA30040DDB5 /* iRestaurant.app */;
			productType = "com.apple.product-type.application";
		};
		49BA68411354DBA40040DDB5 /* iRestaurantTests */ = {
			isa = PBXNativeTarget;
			buildConfigurationList = 49BA68581354DBA50040DDB5 /* Build configuration list for PBXNativeTarget "iRestaurantTests" */;
			buildPhases = (
				49BA683D1354DBA40040DDB5 /* Sources */,
				49BA683E1354DBA40040DDB5 /* Frameworks */,
				49BA683F1354DBA40040DDB5 /* Resources */,
				49BA68401354DBA40040DDB5 /* ShellScript */,
			);
			buildRules = (
			);
			dependencies = (
				49BA68471354DBA50040DDB5 /* PBXTargetDependency */,
			);
			name = iRestaurantTests;
			productName = iRestaurantTests;
			productReference = 49BA68421354DBA50040DDB5 /* iRestaurantTests.octest */;
			productType = "com.apple.product-type.bundle";
		};
/* End PBXNativeTarget section */

/* Begin PBXProject section */
		49BA68151354DBA30040DDB5 /* Project object */ = {
			isa = PBXProject;
			attributes = {
				ORGANIZATIONNAME = N/A;
			};
			buildConfigurationList = 49BA68181354DBA30040DDB5 /* Build configuration list for PBXProject "iRestaurant" */;
			compatibilityVersion = "Xcode 3.2";
			developmentRegion = English;
			hasScannedForEncodings = 0;
			knownRegions = (
				en,
			);
			mainGroup = 49BA68131354DBA20040DDB5;
			productRefGroup = 49BA681F1354DBA30040DDB5 /* Products */;
			projectDirPath = "";
			projectRoot = "";
			targets = (
				49BA681D1354DBA30040DDB5 /* iRestaurant */,
				49BA68411354DBA40040DDB5 /* iRestaurantTests */,
			);
		};
/* End PBXProject section */

/* Begin PBXResourcesBuildPhase section */
		49BA681C1354DBA30040DDB5 /* Resources */ = {
			isa = PBXResourcesBuildPhase;
			buildActionMask = 2147483647;
			files = (
				49BA682D1354DBA40040DDB5 /* InfoPlist.strings in Resources */,
				49BA68361354DBA40040DDB5 /* MainWindow.xib in Resources */,
				49BA683C1354DBA40040DDB5 /* iRestaurantViewController.xib in Resources */,
				49578B8013551D7200F8EC0B /* SearchViewController.xib in Resources */,
				E8E6D3EF135523FF003F0ECB /* RestaurantViewController.xib in Resources */,
				E85EE42A13565D9F004B2A10 /* restaurant-icon.gif in Resources */,
				E85EE42D13567388004B2A10 /* 06-magnify.png in Resources */,
				E85EE42E13567388004B2A10 /* 06-magnify@2x.png in Resources */,
				E85EE43C13579BDB004B2A10 /* grain-bg@2x.png in Resources */,
				E85EE43D13579BDB004B2A10 /* grain-bg.png in Resources */,
				E85EE4431357A204004B2A10 /* blue-btn-70.png in Resources */,
				E85EE4441357A204004B2A10 /* blue-btn-70@2x.png in Resources */,
				E85EE44A1357A811004B2A10 /* grey-button-bg.png in Resources */,
				E85EE44C1357AA0D004B2A10 /* grey-button-bg@2x.png in Resources */,
			);
			runOnlyForDeploymentPostprocessing = 0;
		};
		49BA683F1354DBA40040DDB5 /* Resources */ = {
			isa = PBXResourcesBuildPhase;
			buildActionMask = 2147483647;
			files = (
				49BA684D1354DBA50040DDB5 /* InfoPlist.strings in Resources */,
				49BA68501354DBA50040DDB5 /* iRestaurantTests.h in Resources */,
			);
			runOnlyForDeploymentPostprocessing = 0;
		};
/* End PBXResourcesBuildPhase section */

/* Begin PBXShellScriptBuildPhase section */
		49BA68401354DBA40040DDB5 /* ShellScript */ = {
			isa = PBXShellScriptBuildPhase;
			buildActionMask = 2147483647;
			files = (
			);
			inputPaths = (
			);
			outputPaths = (
			);
			runOnlyForDeploymentPostprocessing = 0;
			shellPath = /bin/sh;
			shellScript = "# Run the unit tests in this test bundle.\n\"${SYSTEM_DEVELOPER_DIR}/Tools/RunUnitTests\"\n";
		};
/* End PBXShellScriptBuildPhase section */

/* Begin PBXSourcesBuildPhase section */
		49BA681A1354DBA30040DDB5 /* Sources */ = {
			isa = PBXSourcesBuildPhase;
			buildActionMask = 2147483647;
			files = (
				49BA68301354DBA40040DDB5 /* main.m in Sources */,
				49BA68331354DBA40040DDB5 /* iRestaurantAppDelegate.m in Sources */,
				49BA68391354DBA40040DDB5 /* iRestaurantViewController.m in Sources */,
				49578B6E1355177900F8EC0B /* NSObject+SBJSON.m in Sources */,
				49578B6F1355177900F8EC0B /* NSString+SBJSON.m in Sources */,
				49578B701355177900F8EC0B /* SBJsonBase.m in Sources */,
				49578B711355177900F8EC0B /* SBJsonParser.m in Sources */,
				49578B721355177900F8EC0B /* SBJsonWriter.m in Sources */,
				49578B7F13551D7200F8EC0B /* SearchViewController.m in Sources */,
				E8E6D3EE135523FF003F0ECB /* RestaurantViewController.m in Sources */,
				E8E6D3F413552448003F0ECB /* Restaurant.m in Sources */,
				E8A03E14135535500031D798 /* MenuItem.m in Sources */,
				E8A03E1D135539130031D798 /* SearchService.m in Sources */,
				E8A6E80F1355465A0095E157 /* ASIAuthenticationDialog.m in Sources */,
				E8A6E8101355465A0095E157 /* ASIDataCompressor.m in Sources */,
				E8A6E8111355465A0095E157 /* ASIDataDecompressor.m in Sources */,
				E8A6E8121355465A0095E157 /* ASIDownloadCache.m in Sources */,
				E8A6E8131355465A0095E157 /* ASIFormDataRequest.m in Sources */,
				E8A6E8141355465A0095E157 /* ASIHTTPRequest.m in Sources */,
				E8A6E8151355465A0095E157 /* ASIInputStream.m in Sources */,
				E8A6E8161355465A0095E157 /* ASINetworkQueue.m in Sources */,
				E8A6E8171355465A0095E157 /* ASIWebPageRequest.m in Sources */,
				E8A6E81A1355466D0095E157 /* Reachability.m in Sources */,
				49578BCD1355E65B00F8EC0B /* RestaurantSearchResultTableViewController.m in Sources */,
				49578BDA1355F8CF00F8EC0B /* DishSearchResultTableViewController.m in Sources */,
				49578BE51356350900F8EC0B /* RestaurantService.m in Sources */,
				E85EE412135617CB004B2A10 /* RestaurantSearchCell.m in Sources */,
				E85EE431135688DB004B2A10 /* DishesSearchCell.m in Sources */,
				E85EE43513578D63004B2A10 /* RestaurantHeaderCell.m in Sources */,
				E85EE4401357A0A0004B2A10 /* RestaurantMenuCell.m in Sources */,
				E85EE44F1357AAE5004B2A10 /* RestaurantAddressCell.m in Sources */,
			);
			runOnlyForDeploymentPostprocessing = 0;
		};
		49BA683D1354DBA40040DDB5 /* Sources */ = {
			isa = PBXSourcesBuildPhase;
			buildActionMask = 2147483647;
			files = (
				49BA68521354DBA50040DDB5 /* iRestaurantTests.m in Sources */,
			);
			runOnlyForDeploymentPostprocessing = 0;
		};
/* End PBXSourcesBuildPhase section */

/* Begin PBXTargetDependency section */
		49BA68471354DBA50040DDB5 /* PBXTargetDependency */ = {
			isa = PBXTargetDependency;
			target = 49BA681D1354DBA30040DDB5 /* iRestaurant */;
			targetProxy = 49BA68461354DBA50040DDB5 /* PBXContainerItemProxy */;
		};
/* End PBXTargetDependency section */

/* Begin PBXVariantGroup section */
		49BA682B1354DBA40040DDB5 /* InfoPlist.strings */ = {
			isa = PBXVariantGroup;
			children = (
				49BA682C1354DBA40040DDB5 /* en */,
			);
			name = InfoPlist.strings;
			sourceTree = "<group>";
		};
		49BA68341354DBA40040DDB5 /* MainWindow.xib */ = {
			isa = PBXVariantGroup;
			children = (
				49BA68351354DBA40040DDB5 /* en */,
			);
			name = MainWindow.xib;
			sourceTree = "<group>";
		};
		49BA683A1354DBA40040DDB5 /* iRestaurantViewController.xib */ = {
			isa = PBXVariantGroup;
			children = (
				49BA683B1354DBA40040DDB5 /* en */,
			);
			name = iRestaurantViewController.xib;
			sourceTree = "<group>";
		};
		49BA684B1354DBA50040DDB5 /* InfoPlist.strings */ = {
			isa = PBXVariantGroup;
			children = (
				49BA684C1354DBA50040DDB5 /* en */,
			);
			name = InfoPlist.strings;
			sourceTree = "<group>";
		};
/* End PBXVariantGroup section */

/* Begin XCBuildConfiguration section */
		49BA68531354DBA50040DDB5 /* Debug */ = {
			isa = XCBuildConfiguration;
			buildSettings = {
				ARCHS = "$(ARCHS_STANDARD_32_BIT)";
				"CODE_SIGN_IDENTITY[sdk=iphoneos*]" = "iPhone Developer";
				GCC_C_LANGUAGE_STANDARD = gnu99;
				GCC_OPTIMIZATION_LEVEL = 0;
				GCC_PREPROCESSOR_DEFINITIONS = DEBUG;
				GCC_SYMBOLS_PRIVATE_EXTERN = NO;
				GCC_VERSION = com.apple.compilers.llvmgcc42;
				GCC_WARN_ABOUT_RETURN_TYPE = YES;
				GCC_WARN_UNUSED_VARIABLE = YES;
				IPHONEOS_DEPLOYMENT_TARGET = 4.3;
				SDKROOT = iphoneos;
			};
			name = Debug;
		};
		49BA68541354DBA50040DDB5 /* Release */ = {
			isa = XCBuildConfiguration;
			buildSettings = {
				ARCHS = "$(ARCHS_STANDARD_32_BIT)";
				"CODE_SIGN_IDENTITY[sdk=iphoneos*]" = "iPhone Developer";
				GCC_C_LANGUAGE_STANDARD = gnu99;
				GCC_VERSION = com.apple.compilers.llvmgcc42;
				GCC_WARN_ABOUT_RETURN_TYPE = YES;
				GCC_WARN_UNUSED_VARIABLE = YES;
				IPHONEOS_DEPLOYMENT_TARGET = 4.3;
				OTHER_CFLAGS = "-DNS_BLOCK_ASSERTIONS=1";
				SDKROOT = iphoneos;
			};
			name = Release;
		};
		49BA68561354DBA50040DDB5 /* Debug */ = {
			isa = XCBuildConfiguration;
			buildSettings = {
				ALWAYS_SEARCH_USER_PATHS = NO;
				"CODE_SIGN_IDENTITY[sdk=iphoneos*]" = "";
				COPY_PHASE_STRIP = NO;
				GCC_DYNAMIC_NO_PIC = NO;
				GCC_PRECOMPILE_PREFIX_HEADER = YES;
				GCC_PREFIX_HEADER = "iRestaurant/iRestaurant-Prefix.pch";
				HEADER_SEARCH_PATHS = "/usr/include/libxml2/**";
				INFOPLIST_FILE = "iRestaurant/iRestaurant-Info.plist";
				OTHER_LDFLAGS = (
					"-lxml2",
					"-ObjC",
					"-all_load",
				);
				PRODUCT_NAME = "$(TARGET_NAME)";
				TARGETED_DEVICE_FAMILY = 1;
				WRAPPER_EXTENSION = app;
			};
			name = Debug;
		};
		49BA68571354DBA50040DDB5 /* Release */ = {
			isa = XCBuildConfiguration;
			buildSettings = {
				ALWAYS_SEARCH_USER_PATHS = NO;
				"CODE_SIGN_IDENTITY[sdk=iphoneos*]" = "";
				COPY_PHASE_STRIP = YES;
				GCC_PRECOMPILE_PREFIX_HEADER = YES;
				GCC_PREFIX_HEADER = "iRestaurant/iRestaurant-Prefix.pch";
				HEADER_SEARCH_PATHS = "/usr/include/libxml2/**";
				INFOPLIST_FILE = "iRestaurant/iRestaurant-Info.plist";
				OTHER_LDFLAGS = (
					"-lxml2",
					"-ObjC",
					"-all_load",
				);
				PRODUCT_NAME = "$(TARGET_NAME)";
				TARGETED_DEVICE_FAMILY = 1;
				VALIDATE_PRODUCT = YES;
				WRAPPER_EXTENSION = app;
			};
			name = Release;
		};
		49BA68591354DBA50040DDB5 /* Debug */ = {
			isa = XCBuildConfiguration;
			buildSettings = {
				ALWAYS_SEARCH_USER_PATHS = NO;
				BUNDLE_LOADER = "$(BUILT_PRODUCTS_DIR)/iRestaurant.app/iRestaurant";
				FRAMEWORK_SEARCH_PATHS = (
					"$(SDKROOT)/Developer/Library/Frameworks",
					"$(DEVELOPER_LIBRARY_DIR)/Frameworks",
				);
				GCC_PRECOMPILE_PREFIX_HEADER = YES;
				GCC_PREFIX_HEADER = "iRestaurantTests/iRestaurantTests-Prefix.pch";
				INFOPLIST_FILE = "iRestaurantTests/iRestaurantTests-Info.plist";
				OTHER_LDFLAGS = (
					"-framework",
					SenTestingKit,
				);
				PRODUCT_NAME = "$(TARGET_NAME)";
				TEST_HOST = "$(BUNDLE_LOADER)";
				WRAPPER_EXTENSION = octest;
			};
			name = Debug;
		};
		49BA685A1354DBA50040DDB5 /* Release */ = {
			isa = XCBuildConfiguration;
			buildSettings = {
				ALWAYS_SEARCH_USER_PATHS = NO;
				BUNDLE_LOADER = "$(BUILT_PRODUCTS_DIR)/iRestaurant.app/iRestaurant";
				FRAMEWORK_SEARCH_PATHS = (
					"$(SDKROOT)/Developer/Library/Frameworks",
					"$(DEVELOPER_LIBRARY_DIR)/Frameworks",
				);
				GCC_PRECOMPILE_PREFIX_HEADER = YES;
				GCC_PREFIX_HEADER = "iRestaurantTests/iRestaurantTests-Prefix.pch";
				INFOPLIST_FILE = "iRestaurantTests/iRestaurantTests-Info.plist";
				OTHER_LDFLAGS = (
					"-framework",
					SenTestingKit,
				);
				PRODUCT_NAME = "$(TARGET_NAME)";
				TEST_HOST = "$(BUNDLE_LOADER)";
				WRAPPER_EXTENSION = octest;
			};
			name = Release;
		};
/* End XCBuildConfiguration section */

/* Begin XCConfigurationList section */
		49BA68181354DBA30040DDB5 /* Build configuration list for PBXProject "iRestaurant" */ = {
			isa = XCConfigurationList;
			buildConfigurations = (
				49BA68531354DBA50040DDB5 /* Debug */,
				49BA68541354DBA50040DDB5 /* Release */,
			);
			defaultConfigurationIsVisible = 0;
			defaultConfigurationName = Release;
		};
		49BA68551354DBA50040DDB5 /* Build configuration list for PBXNativeTarget "iRestaurant" */ = {
			isa = XCConfigurationList;
			buildConfigurations = (
				49BA68561354DBA50040DDB5 /* Debug */,
				49BA68571354DBA50040DDB5 /* Release */,
			);
			defaultConfigurationIsVisible = 0;
			defaultConfigurationName = Release;
		};
		49BA68581354DBA50040DDB5 /* Build configuration list for PBXNativeTarget "iRestaurantTests" */ = {
			isa = XCConfigurationList;
			buildConfigurations = (
				49BA68591354DBA50040DDB5 /* Debug */,
				49BA685A1354DBA50040DDB5 /* Release */,
			);
			defaultConfigurationIsVisible = 0;
			defaultConfigurationName = Release;
		};
/* End XCConfigurationList section */
	};
	rootObject = 49BA68151354DBA30040DDB5 /* Project object */;
}
